Microsoft Visual Studio Solution File, Format Version 11.00
# Visual Studio 2008

Project("{441C1743-1F75-7D8C-C67A-CCDB6C8787B1}") = "IGD project", "Assembly-CSharp.csproj", "{660ADF9B-8CEC-ECD7-7BA2-4C9A2FE0C34B}"
EndProject
Global
	GlobalSection(SolutionConfigurationPlatforms) = preSolution
		Debug|Any CPU = Debug|Any CPU
		Release|Any CPU = Release|Any CPU
	EndGlobalSection
	GlobalSection(ProjectConfigurationPlatforms) = postSolution
		{660ADF9B-8CEC-ECD7-7BA2-4C9A2FE0C34B}.Debug|Any CPU.ActiveCfg = Debug|Any CPU
		{660ADF9B-8CEC-ECD7-7BA2-4C9A2FE0C34B}.Debug|Any CPU.Build.0 = Debug|Any CPU
		{660ADF9B-8CEC-ECD7-7BA2-4C9A2FE0C34B}.Release|Any CPU.ActiveCfg = Release|Any CPU
		{660ADF9B-8CEC-ECD7-7BA2-4C9A2FE0C34B}.Release|Any CPU.Build.0 = Release|Any CPU
	EndGlobalSection
	GlobalSection(SolutionProperties) = preSolution
		HideSolutionNode = FALSE
	EndGlobalSection
	GlobalSection(MonoDevelopProperties) = preSolution
		StartupItem = Assembly-CSharp.csproj
	EndGlobalSection
EndGlobal
